Microsoft Visual Studio Solution File, Format Version 12.00
# Visual Studio 2012
Project("{FAE04EC0-301F-11D3-BF4B-00C04F79EFBC}") = "Squash the Creeps (3D)", "Squash the Creeps (3D).csproj", "{A52B0629-DDDC-4D40-94AC-2C960011CE08}"
EndProject
Global
	GlobalSection(SolutionConfigurationPlatforms) = preSolution
	Debug|Any CPU = Debug|Any CPU
	ExportDebug|Any CPU = ExportDebug|Any CPU
	ExportRelease|Any CPU = ExportRelease|Any CPU
	EndGlobalSection
	GlobalSection(ProjectConfigurationPlatforms) = postSolution
		{A52B0629-DDDC-4D40-94AC-2C960011CE08}.Debug|Any CPU.ActiveCfg = Debug|Any CPU
		{A52B0629-DDDC-4D40-94AC-2C960011CE08}.Debug|Any CPU.Build.0 = Debug|Any CPU
		{A52B0629-DDDC-4D40-94AC-2C960011CE08}.ExportDebug|Any CPU.ActiveCfg = ExportDebug|Any CPU
		{A52B0629-DDDC-4D40-94AC-2C960011CE08}.ExportDebug|Any CPU.Build.0 = ExportDebug|Any CPU
		{A52B0629-DDDC-4D40-94AC-2C960011CE08}.ExportRelease|Any CPU.ActiveCfg = ExportRelease|Any CPU
		{A52B0629-DDDC-4D40-94AC-2C960011CE08}.ExportRelease|Any CPU.Build.0 = ExportRelease|Any CPU
	EndGlobalSection
EndGlobal
